
Microsoft Visual Studio Solution File, Format Version 12.00
# Visual Studio Version 17
VisualStudioVersion = 17.7.34202.233
MinimumVisualStudioVersion = 10.0.40219.1
Project("{FAE04EC0-301F-11D3-BF4B-00C04F79EFBC}") = "Module12", "Module12\Module12.csproj", "{07119F65-5971-428C-B094-A5D502BBE34C}"
EndProject
Global
	GlobalSection(SolutionConfigurationPlatforms) = preSolution
		Debug|Any CPU = Debug|Any CPU
		Release|Any CPU = Release|Any CPU
	EndGlobalSection
	GlobalSection(ProjectConfigurationPlatforms) = postSolution
		{07119F65-5971-428C-B094-A5D502BBE34C}.Debug|Any CPU.ActiveCfg = Debug|Any CPU
		{07119F65-5971-428C-B094-A5D502BBE34C}.Debug|Any CPU.Build.0 = Debug|Any CPU
		{07119F65-5971-428C-B094-A5D502BBE34C}.Release|Any CPU.ActiveCfg = Release|Any CPU
		{07119F65-5971-428C-B094-A5D502BBE34C}.Release|Any CPU.Build.0 = Release|Any CPU
	EndGlobalSection
	GlobalSection(SolutionProperties) = preSolution
		HideSolutionNode = FALSE
	EndGlobalSection
	GlobalSection(ExtensibilityGlobals) = postSolution
		SolutionGuid = {6506B844-473F-4A00-ABBC-4F78CB64A1EF}
	EndGlobalSection
EndGlobal
